github.com/mitchellh/go-ps v0.0.0-20170309133038-4fdf99ab2936 h1:kw1v0NlnN+GZcU8Ma8CLF2Zzgjfx95gs3/GN3vYAPpo=
github.com/mitchellh/go-ps v0.0.0-20170309133038-4fdf99ab2936/go.mod h1:r1VsdOzOPt1ZSrGZWFoNhsAedKnEd6r9Np1+5blZCWk=
github.com/mitchellh/go-ps v0.0.0-20190716172923-621e5597135b h1:9+ke9YJ9KGWw5ANXK6ozjoK47uI3uNbXv4YVINBnGm8=
github.com/mitchellh/go-ps v0.0.0-20190716172923-621e5597135b/go.mod h1:r1VsdOzOPt1ZSrGZWFoNhsAedKnEd6r9Np1+5blZCWk=
github.com/xaevman/app v0.0.0-20151221185256-b8352f6c1f61 h1:Lzv3rkqwc9GESzXFjUK7KS3+Guboo2/O5VvfABr9xOA=
github.com/xaevman/app v0.0.0-20151221185256-b8352f6c1f61/go.mod h1:g2BbyvW9yn8YwhKGV7gerVE1ILiIEK5DAKxuLbD9FTo=
github.com/xaevman/app v0.0.0-20190208024703-544c5d335566 h1:aRdAfXMG18xYmgt6mxfxwol/2mEaqLqEkrrVdU1S+Es=
github.com/xaevman/app v0.0.0-20190208024703-544c5d335566/go.mod h1:g2BbyvW9yn8YwhKGV7gerVE1ILiIEK5DAKxuLbD9FTo=
github.com/xaevman/app v0.0.0-20190930184519-24995558fb46 h1:X5B7lrFWtVxG0EqJjUdx4VVX+MiU+BJNWEobJ8+EQ9Y=
github.com/xaevman/app v0.0.0-20190930184519-24995558fb46/go.mod h1:3lyVX3FUdO08RVZ0OdGXBMIL4DpdZccOAACuVTkhTvk=
github.com/xaevman/counters v0.0.0-20180726222205-47700f82e94f h1:B1D9Ybi/Oonm5OrjOesP7ox1IKNUKlggzf3SUd0he7s=
github.com/xaevman/counters v0.0.0-20180726222205-47700f82e94f/go.mod h1:kTf9aLBM23hXV7RWaBw6zch6SJZzVwBRGMgik25hgsY=
github.com/xaevman/crash v0.0.0-20160116021402-4f12454dac5a h1:9+NUev+7iKRZLMpvT2qcZIzKNnjv8zrFbgOfJyllKyw=
github.com/xaevman/crash v0.0.0-20160116021402-4f12454dac5a/go.mod h1:qIamf9elsDnd8g28smyT/eW9dMfus3Nr4Ls0ia3h2pY=
github.com/xaevman/crash v0.0.0-20190412235221-124900ccf870 h1:el1J5vo5IfTNdsXYuEsZXryZaTRF9mbOPlyO4rGgSAo=
github.com/xaevman/crash v0.0.0-20190412235221-124900ccf870/go.mod h1:gQkBfU5jbNnUQtOYuZNaf3D6UWpY4K4UUpfO27PQaIA=
github.com/xaevman/ini v0.0.0-20190202003026-e7d9b5f29b03 h1:CPqP9bXS1/pUSmVvp74BktMgv0ZHH4kiPk3cQ5RET+c=
github.com/xaevman/ini v0.0.0-20190202003026-e7d9b5f29b03/go.mod h1:pHKIc0tAhvHHIzczHsPcmLMr0d+JY2i7ZZn4tRJqIQ4=
github.com/xaevman/log v0.0.0-20190123190659-65028fa71bba h1:EO07RUrE3x1kuJJ/wLoVOyzKVSOwTQjMXRMBrJP3QWw=
github.com/xaevman/log v0.0.0-20190123190659-65028fa71bba/go.mod h1:rZdxksh3ys8YDP7jcWBRHhB6C81kmmI4bM8ToqRJDjA=
github.com/xaevman/log v0.0.0-20191112192212-62f743452d43 h1:f/qX4tPmDJCmg9ttWZyTzsIrw/SdmF6tnrxbrLvm56E=
github.com/xaevman/log v0.0.0-20191112192212-62f743452d43/go.mod h1:bVUt1Ai0bHZ7lQuCv0LEXWYOphLVnz6ZbWTybvAOVCI=
github.com/xaevman/log v0.0.0-20191112192418-6c3e8a1f4238 h1:eNroTRqcRrWfrD7EQgizzFOFRUK8ELAt5wl3p8aPrsw=
github.com/xaevman/log v0.0.0-20191112192418-6c3e8a1f4238/go.mod h1:bVUt1Ai0bHZ7lQuCv0LEXWYOphLVnz6ZbWTybvAOVCI=
github.com/xaevman/shutdown v0.0.0-20170619171835-a5f6f007ccad h1:UAINgirvNYZqDihHfjUYzYwTEP4O3QuObziN01KrHT4=
github.com/xaevman/shutdown v0.0.0-20170619171835-a5f6f007ccad/go.mod h1:gQaih+7gDfLsfT8SB99SHziOPYiTxibENRngI+G82mo=
github.com/xaevman/shutdown v0.0.0-20191018173348-2d57b6d17dfe h1:A+IKMFghFszZ0blPsFvi/v3jxiqwM+sb2LRk0T9WqR0=
github.com/xaevman/shutdown v0.0.0-20191018173348-2d57b6d17dfe/go.mod h1:DjIG1zigyxVVuSmf4rNVii7cVja0HhG5rggd+JD32ww=
github.com/xaevman/str v0.0.0-20160101053501-4e092892a36f h1:TW7Mzuy+Q7sQM85pc0lUeAfoyLGbjO6MB/tSTFNMr2g=
github.com/xaevman/str v0.0.0-20160101053501-4e092892a36f/go.mod h1:Pv247uTPKbcdRWHouBNe/qpmH+LpKa7wO1IEo33z1so=
github.com/xaevman/str v0.0.0-20190412235629-55065b689228 h1:kR5O/bpTiQQBfU3T2HdjtoqHa3k/UXMHhjsJDz9ftsE=
github.com/xaevman/str v0.0.0-20190412235629-55065b689228/go.mod h1:MLSAiFrCjUlhOVeYU/dkRxUYLpdAfvA8l1uLFgw2JNY=
github.com/xaevman/trace v0.0.0-20170619171817-54d504b4cd27 h1:Lx99kK/kaNpd7ygKa6hCJg8I+j57lDW/XGw0PXhK74o=
github.com/xaevman/trace v0.0.0-20170619171817-54d504b4cd27/go.mod h1:spswCB60npbgPXvNZaMRB2IdzS2ACv4T02hLS03n/fg=
github.com/xaevman/win32 v0.0.0-20171020222159-1eed552269eb h1:mKMRHhuiJXwv863P2ISyCAjvYUTWwwrbVaygoVfIL2w=
github.com/xaevman/win32 v0.0.0-20171020222159-1eed552269eb/go.mod h1:Ct1uSjCJa9f4oaYKQ8Oru7ItkkRAuMaKUk7CtMeYxyg=
golang.org/x/sys v0.0.0-20190201152629-afcc84fd7533 h1:bLfqnzrpeG4usq5OvMCrwTdmMJ6aTmlCuo1eKl0mhkI=
golang.org/x/sys v0.0.0-20190201152629-afcc84fd7533/go.mod h1:STP8DvDyc/dI5b8T5hshtkjS+E42TnysNCUPdjciGhY=
