github.com/gorilla/websocket v1.4.0 h1:WDFjx/TMzVgy9VdMMQi2K2Emtwi2QcUQsztZ/zLaH/Q=
github.com/gorilla/websocket v1.4.0/go.mod h1:E7qHFY5m1UJ88s3WnNqhKjPHQ0heANvMoAMk2YaljkQ=
github.com/xaevman/app v0.0.0-20151221185256-b8352f6c1f61 h1:Lzv3rkqwc9GESzXFjUK7KS3+Guboo2/O5VvfABr9xOA=
github.com/xaevman/app v0.0.0-20151221185256-b8352f6c1f61/go.mod h1:g2BbyvW9yn8YwhKGV7gerVE1ILiIEK5DAKxuLbD9FTo=
github.com/xaevman/counters v0.0.0-20180726222205-47700f82e94f h1:B1D9Ybi/Oonm5OrjOesP7ox1IKNUKlggzf3SUd0he7s=
github.com/xaevman/counters v0.0.0-20180726222205-47700f82e94f/go.mod h1:kTf9aLBM23hXV7RWaBw6zch6SJZzVwBRGMgik25hgsY=
github.com/xaevman/crash v0.0.0-20160116021402-4f12454dac5a h1:9+NUev+7iKRZLMpvT2qcZIzKNnjv8zrFbgOfJyllKyw=
github.com/xaevman/crash v0.0.0-20160116021402-4f12454dac5a/go.mod h1:qIamf9elsDnd8g28smyT/eW9dMfus3Nr4Ls0ia3h2pY=
github.com/xaevman/ini v0.0.0-20190202003026-e7d9b5f29b03 h1:CPqP9bXS1/pUSmVvp74BktMgv0ZHH4kiPk3cQ5RET+c=
github.com/xaevman/ini v0.0.0-20190202003026-e7d9b5f29b03/go.mod h1:pHKIc0tAhvHHIzczHsPcmLMr0d+JY2i7ZZn4tRJqIQ4=
github.com/xaevman/log v0.0.0-20190123190659-65028fa71bba h1:EO07RUrE3x1kuJJ/wLoVOyzKVSOwTQjMXRMBrJP3QWw=
github.com/xaevman/log v0.0.0-20190123190659-65028fa71bba/go.mod h1:rZdxksh3ys8YDP7jcWBRHhB6C81kmmI4bM8ToqRJDjA=
github.com/xaevman/shutdown v0.0.0-20170619171835-a5f6f007ccad h1:UAINgirvNYZqDihHfjUYzYwTEP4O3QuObziN01KrHT4=
github.com/xaevman/shutdown v0.0.0-20170619171835-a5f6f007ccad/go.mod h1:gQaih+7gDfLsfT8SB99SHziOPYiTxibENRngI+G82mo=
github.com/xaevman/str v0.0.0-20160101053501-4e092892a36f h1:TW7Mzuy+Q7sQM85pc0lUeAfoyLGbjO6MB/tSTFNMr2g=
github.com/xaevman/str v0.0.0-20160101053501-4e092892a36f/go.mod h1:Pv247uTPKbcdRWHouBNe/qpmH+LpKa7wO1IEo33z1so=
github.com/xaevman/trace v0.0.0-20170619171817-54d504b4cd27 h1:Lx99kK/kaNpd7ygKa6hCJg8I+j57lDW/XGw0PXhK74o=
github.com/xaevman/trace v0.0.0-20170619171817-54d504b4cd27/go.mod h1:spswCB60npbgPXvNZaMRB2IdzS2ACv4T02hLS03n/fg=
github.com/xaevman/win32 v0.0.0-20171020222159-1eed552269eb h1:mKMRHhuiJXwv863P2ISyCAjvYUTWwwrbVaygoVfIL2w=
github.com/xaevman/win32 v0.0.0-20171020222159-1eed552269eb/go.mod h1:Ct1uSjCJa9f4oaYKQ8Oru7ItkkRAuMaKUk7CtMeYxyg=
golang.org/x/sys v0.0.0-20190201152629-afcc84fd7533 h1:bLfqnzrpeG4usq5OvMCrwTdmMJ6aTmlCuo1eKl0mhkI=
golang.org/x/sys v0.0.0-20190201152629-afcc84fd7533/go.mod h1:STP8DvDyc/dI5b8T5hshtkjS+E42TnysNCUPdjciGhY=
